
Microsoft Visual Studio Solution File, Format Version 12.00
# Visual Studio Version 16
VisualStudioVersion = 16.0.31729.503
MinimumVisualStudioVersion = 10.0.40219.1
Project("{FAE04EC0-301F-11D3-BF4B-00C04F79EFBC}") = "CalculaPacelasInterface", "CalculaPacelasInterface\CalculaPacelasInterface.csproj", "{EC699169-3EC7-4A7A-8856-FA76A252FFB6}"
EndProject
Global
	GlobalSection(SolutionConfigurationPlatforms) = preSolution
		Debug|Any CPU = Debug|Any CPU
		Release|Any CPU = Release|Any CPU
	EndGlobalSection
	GlobalSection(ProjectConfigurationPlatforms) = postSolution
		{EC699169-3EC7-4A7A-8856-FA76A252FFB6}.Debug|Any CPU.ActiveCfg = Debug|Any CPU
		{EC699169-3EC7-4A7A-8856-FA76A252FFB6}.Debug|Any CPU.Build.0 = Debug|Any CPU
		{EC699169-3EC7-4A7A-8856-FA76A252FFB6}.Release|Any CPU.ActiveCfg = Release|Any CPU
		{EC699169-3EC7-4A7A-8856-FA76A252FFB6}.Release|Any CPU.Build.0 = Release|Any CPU
	EndGlobalSection
	GlobalSection(SolutionProperties) = preSolution
		HideSolutionNode = FALSE
	EndGlobalSection
	GlobalSection(ExtensibilityGlobals) = postSolution
		SolutionGuid = {3238D5A5-5B94-492D-80AF-44B8D9071BB7}
	EndGlobalSection
EndGlobal
